[[package]]
category = "main"
description = "Abseil Python Common Libraries, see https://github.com/abseil/abseil-py."
name = "absl-py"
optional = false
python-versions = "*"
version = "0.7.1"

[package.dependencies]
six = "*"

[[package]]
category = "main"
description = "Read/rewrite/write Python ASTs"
name = "astor"
optional = false
python-versions = ">=2.7, !=3.0.*, !=3.1.*, !=3.2.*, !=3.3.*"
version = "0.8.0"

[[package]]
category = "main"
description = "An abstract syntax tree for Python with inference support."
name = "astroid"
optional = false
python-versions = ">=3.4.*"
version = "2.2.5"

[package.dependencies]
lazy-object-proxy = "*"
six = "*"
typed-ast = ">=1.3.0"
wrapt = "*"

[[package]]
category = "dev"
description = "Atomic file writes."
name = "atomicwrites"
optional = false
python-versions = ">=2.7, !=3.0.*, !=3.1.*, !=3.2.*, !=3.3.*"
version = "1.3.0"

[[package]]
category = "dev"
description = "Classes Without Boilerplate"
name = "attrs"
optional = false
python-versions = ">=2.7, !=3.0.*, !=3.1.*, !=3.2.*, !=3.3.*"
version = "19.1.0"

[[package]]
category = "main"
description = "A tool that automatically formats Python code to conform to the PEP 8 style guide"
name = "autopep8"
optional = false
python-versions = "*"
version = "1.4.4"

[package.dependencies]
pycodestyle = ">=2.4.0"

[[package]]
category = "main"
description = "Backport of new features in Python's weakref module"
name = "backports.weakref"
optional = false
python-versions = "*"
version = "1.0.post1"

[[package]]
category = "main"
description = "The AWS SDK for Python"
name = "boto3"
optional = false
python-versions = "*"
version = "1.9.183"

[package.dependencies]
botocore = ">=1.12.183,<1.13.0"
jmespath = ">=0.7.1,<1.0.0"
s3transfer = ">=0.2.0,<0.3.0"

[[package]]
category = "main"
description = "Low-level, data-driven core of boto 3."
name = "botocore"
optional = false
python-versions = "*"
version = "1.12.183"

[package.dependencies]
docutils = ">=0.10"
jmespath = ">=0.7.1,<1.0.0"

[package.dependencies.python-dateutil]
python = ">=2.7"
version = ">=2.1,<3.0.0"

[package.dependencies.urllib3]
python = ">=3.4"
version = ">=1.20,<1.26"

[[package]]
category = "main"
description = "Cross-platform colored terminal text."
marker = "sys_platform == \"win32\""
name = "colorama"
optional = false
python-versions = ">=2.7, !=3.0.*, !=3.1.*, !=3.2.*, !=3.3.*"
version = "0.4.1"

[[package]]
category = "main"
description = "Docutils -- Python Documentation Utilities"
name = "docutils"
optional = false
python-versions = "*"
version = "0.14"

[[package]]
category = "main"
description = "Python 3.4 Enum backported to 3.3, 3.2, 3.1, 2.7, 2.6, 2.5, and 2.4"
name = "enum34"
optional = false
python-versions = "*"
version = "1.1.6"

[[package]]
category = "main"
description = "Python AST that abstracts the underlying Python version"
name = "gast"
optional = false
python-versions = ">=2.7, !=3.0.*, !=3.1.*, !=3.2.*, !=3.3.*"
version = "0.2.2"

[[package]]
category = "main"
description = "pasta is an AST-based Python refactoring library"
name = "google-pasta"
optional = false
python-versions = "*"
version = "0.1.7"

[[package]]
category = "main"
description = "HTTP/2-based RPC framework"
name = "grpcio"
optional = false
python-versions = "*"
version = "1.22.0"

[package.dependencies]
six = ">=1.5.2"

[[package]]
category = "main"
description = "Read and write HDF5 files from Python"
name = "h5py"
optional = false
python-versions = "*"
version = "2.9.0"

[package.dependencies]
numpy = ">=1.7"
six = "*"

[[package]]
category = "dev"
description = "Read metadata from Python packages"
name = "importlib-metadata"
optional = false
python-versions = ">=2.7,!=3.0,!=3.1,!=3.2,!=3.3"
version = "0.18"

[package.dependencies]
zipp = ">=0.5"

[[package]]
category = "main"
description = "A Python utility / library to sort Python imports."
name = "isort"
optional = false
python-versions = ">=2.7, !=3.0.*, !=3.1.*, !=3.2.*, !=3.3.*"
version = "4.3.21"

[[package]]
category = "main"
description = "JSON Matching Expressions"
name = "jmespath"
optional = false
python-versions = "*"
version = "0.9.4"

[[package]]
category = "main"
description = "Reference implementations of popular deep learning models"
name = "keras-applications"
optional = false
python-versions = "*"
version = "1.0.8"

[package.dependencies]
h5py = "*"
numpy = ">=1.9.1"

[[package]]
category = "main"
description = "Easy data preprocessing and data augmentation for deep learning models"
name = "keras-preprocessing"
optional = false
python-versions = "*"
version = "1.1.0"

[package.dependencies]
numpy = ">=1.9.1"
six = ">=1.9.0"

[[package]]
category = "main"
description = "A fast and thorough lazy object proxy."
name = "lazy-object-proxy"
optional = false
python-versions = ">=2.7, !=3.0.*, !=3.1.*, !=3.2.*, !=3.3.*"
version = "1.4.1"

[[package]]
category = "main"
description = "Python implementation of Markdown."
name = "markdown"
optional = false
python-versions = ">=2.7,!=3.0.*,!=3.1.*,!=3.2.*,!=3.3.*,!=3.4.*"
version = "3.1.1"

[package.dependencies]
setuptools = ">=36"

[[package]]
category = "main"
description = "McCabe checker, plugin for flake8"
name = "mccabe"
optional = false
python-versions = "*"
version = "0.6.1"

[[package]]
category = "main"
description = "Rolling backport of unittest.mock for all Pythons"
name = "mock"
optional = false
python-versions = ">=2.7, !=3.0.*, !=3.1.*, !=3.2.*, !=3.3.*"
version = "3.0.5"

[package.dependencies]
six = "*"

[[package]]
category = "dev"
description = "More routines for operating on iterables, beyond itertools"
name = "more-itertools"
optional = false
python-versions = ">=3.4"
version = "7.1.0"

[[package]]
category = "main"
description = "NumPy is the fundamental package for array computing with Python."
name = "numpy"
optional = false
python-versions = ">=2.7,!=3.0.*,!=3.1.*,!=3.2.*,!=3.3.*"
version = "1.16.4"

[[package]]
category = "main"
description = "Wrapper package for OpenCV python bindings."
name = "opencv-python"
optional = false
python-versions = "*"
version = "4.1.0.25"

[package.dependencies]
numpy = ">=1.11.1"

[[package]]
category = "dev"
description = "plugin and hook calling mechanisms for python"
name = "pluggy"
optional = false
python-versions = ">=2.7, !=3.0.*, !=3.1.*, !=3.2.*, !=3.3.*"
version = "0.12.0"

[package.dependencies]
importlib-metadata = ">=0.12"

[[package]]
category = "main"
description = "Protocol Buffers"
name = "protobuf"
optional = false
python-versions = "*"
version = "3.8.0"

[package.dependencies]
setuptools = "*"
six = ">=1.9"

[[package]]
category = "dev"
description = "library with cross-python path, ini-parsing, io, code, log facilities"
name = "py"
optional = false
python-versions = ">=2.7, !=3.0.*, !=3.1.*, !=3.2.*, !=3.3.*"
version = "1.8.0"

[[package]]
category = "main"
description = "Python style guide checker"
name = "pycodestyle"
optional = false
python-versions = ">=2.7, !=3.0.*, !=3.1.*, !=3.2.*, !=3.3.*"
version = "2.5.0"

[[package]]
category = "main"
description = "python code static checker"
name = "pylint"
optional = false
python-versions = ">=3.4.*"
version = "2.3.1"

[package.dependencies]
astroid = ">=2.2.0,<3"
colorama = "*"
isort = ">=4.2.5,<5"
mccabe = ">=0.6,<0.7"

[[package]]
category = "dev"
description = "pytest: simple powerful testing with Python"
name = "pytest"
optional = false
python-versions = ">=2.7, !=3.0.*, !=3.1.*, !=3.2.*, !=3.3.*"
version = "3.10.1"

[package.dependencies]
atomicwrites = ">=1.0"
attrs = ">=17.4.0"
colorama = "*"
more-itertools = ">=4.0.0"
pluggy = ">=0.7"
py = ">=1.5.0"
setuptools = "*"
six = ">=1.10.0"

[[package]]
category = "main"
description = "Extensions to the standard Python datetime module"
marker = "python_version >= \"2.7\""
name = "python-dateutil"
optional = false
python-versions = ">=2.7, !=3.0.*, !=3.1.*, !=3.2.*"
version = "2.8.0"

[package.dependencies]
six = ">=1.5"

[[package]]
category = "main"
description = "An Amazon S3 Transfer Manager"
name = "s3transfer"
optional = false
python-versions = "*"
version = "0.2.1"

[package.dependencies]
botocore = ">=1.12.36,<2.0.0"

[[package]]
category = "main"
description = "Python 2 and 3 compatibility utilities"
name = "six"
optional = false
python-versions = ">=2.6, !=3.0.*, !=3.1.*"
version = "1.12.0"

[[package]]
category = "main"
description = "TensorBoard lets you watch Tensors Flow"
name = "tensorboard"
optional = false
python-versions = ">= 2.7, != 3.0.*, != 3.1.*"
version = "1.14.0"

[package.dependencies]
absl-py = ">=0.4"
grpcio = ">=1.6.3"
markdown = ">=2.6.8"
numpy = ">=1.12.0"
protobuf = ">=3.6.0"
setuptools = ">=41.0.0"
six = ">=1.10.0"
werkzeug = ">=0.11.15"

[package.dependencies.wheel]
python = ">=3"
version = ">=0.26"

[[package]]
category = "main"
description = "TensorFlow is an open source machine learning framework for everyone."
name = "tensorflow"
optional = false
python-versions = "*"
version = "1.14.0"

[package.dependencies]
absl-py = ">=0.7.0"
astor = ">=0.6.0"
"backports.weakref" = ">=1.0rc1"
enum34 = ">=1.1.6"
gast = ">=0.2.0"
google-pasta = ">=0.1.6"
grpcio = ">=1.8.6"
keras-applications = ">=1.0.6"
keras-preprocessing = ">=1.0.5"
mock = ">=2.0.0"
numpy = ">=1.14.5,<2.0"
protobuf = ">=3.6.1"
six = ">=1.10.0"
tensorboard = ">=1.14.0,<1.15.0"
tensorflow-estimator = ">=1.14.0rc0,<1.15.0rc0"
termcolor = ">=1.1.0"
wheel = "*"
wrapt = ">=1.11.1"

[[package]]
category = "main"
description = "TensorFlow Estimator."
name = "tensorflow-estimator"
optional = false
python-versions = "*"
version = "1.14.0"

[[package]]
category = "main"
description = "ANSII Color formatting for output in terminal."
name = "termcolor"
optional = false
python-versions = "*"
version = "1.1.0"

[[package]]
category = "main"
description = "a fork of Python 2 and 3 ast modules with type comment support"
marker = "implementation_name == \"cpython\""
name = "typed-ast"
optional = false
python-versions = "*"
version = "1.4.0"

[[package]]
category = "main"
description = "HTTP library with thread-safe connection pooling, file post, and more."
marker = "python_version >= \"3.4\""
name = "urllib3"
optional = false
python-versions = ">=2.7, !=3.0.*, !=3.1.*, !=3.2.*, !=3.3.*, <4"
version = "1.25.3"

[[package]]
category = "main"
description = "The comprehensive WSGI web application library."
name = "werkzeug"
optional = false
python-versions = ">=2.7, !=3.0.*, !=3.1.*, !=3.2.*, !=3.3.*"
version = "0.15.4"

[[package]]
category = "main"
description = "A built-package format for Python."
name = "wheel"
optional = false
python-versions = ">=2.7, !=3.0.*, !=3.1.*, !=3.2.*, !=3.3.*"
version = "0.33.4"

[[package]]
category = "main"
description = "Module for decorators, wrappers and monkey patching."
name = "wrapt"
optional = false
python-versions = "*"
version = "1.11.2"

[[package]]
category = "dev"
description = "Backport of pathlib-compatible object wrapper for zip files"
name = "zipp"
optional = false
python-versions = ">=2.7"
version = "0.5.1"

[metadata]
content-hash = "9566aedaf3f6f7f5df850ab2fa2a1f8109efcb6b49ee31dd4bd914be7399cf71"
python-versions = "^3.7"

[metadata.hashes]
absl-py = ["b943d1c567743ed0455878fcd60bc28ac9fae38d129d1ccfad58079da00b8951"]
astor = ["0e41295809baf43ae8303350e031aff81ae52189b6f881f36d623fa8b2f1960e", "37a6eed8b371f1228db08234ed7f6cfdc7817a3ed3824797e20cbb11dc2a7862"]
astroid = ["6560e1e1749f68c64a4b5dee4e091fce798d2f0d84ebe638cf0e0585a343acf4", "b65db1bbaac9f9f4d190199bb8680af6f6f84fd3769a5ea883df8a91fe68b4c4"]
atomicwrites = ["03472c30eb2c5d1ba9227e4c2ca66ab8287fbfbbda3888aa93dc2e28fc6811b4", "75a9445bac02d8d058d5e1fe689654ba5a6556a1dfd8ce6ec55a0ed79866cfa6"]
attrs = ["69c0dbf2ed392de1cb5ec704444b08a5ef81680a61cb899dc08127123af36a79", "f0b870f674851ecbfbbbd364d6b5cbdff9dcedbc7f3f5e18a6891057f21fe399"]
autopep8 = ["4d8eec30cc81bc5617dbf1218201d770dc35629363547f17577c61683ccfb3ee"]
"backports.weakref" = ["81bc9b51c0abc58edc76aefbbc68c62a787918ffe943a37947e162c3f8e19e82", "bc4170a29915f8b22c9e7c4939701859650f2eb84184aee80da329ac0b9825c2"]
boto3 = ["2149b6b617783bac1cf2a3d009949be6356d62a6c1e9f2ac77e6c861ce6548de", "31a887919f58a75c37daba8e46f7bcf4481e1be6935ce006fe7595a1084b5938"]
botocore = ["2943d87d6844813fff9b0b4e9d9fef223d5e211bd69235b650b2d65137f816b0", "d4b280e7c312ffecda0f2519d8e41b69860eb5d72e8d737e7e3814a5153190c6"]
colorama = ["05eed71e2e327246ad6b38c540c4a3117230b19679b875190486ddd2d721422d", "f8ac84de7840f5b9c4e3347b3c1eaa50f7e49c2b07596221daec5edaabbd7c48"]
docutils = ["02aec4bd92ab067f6ff27a38a38a41173bf01bed8f89157768c1573f53e474a6", "51e64ef2ebfb29cae1faa133b3710143496eca21c530f3f71424d77687764274", "7a4bd47eaf6596e1295ecb11361139febe29b084a87bf005bf899f9a42edc3c6"]
enum34 = ["2d81cbbe0e73112bdfe6ef8576f2238f2ba27dd0d55752a776c41d38b7da2850", "644837f692e5f550741432dd3f223bbb9852018674981b1664e5dc339387588a", "6bd0f6ad48ec2aa117d3d141940d484deccda84d4fcd884f5c3d93c23ecd8c79", "8ad8c4783bf61ded74527bffb48ed9b54166685e4230386a9ed9b1279e2df5b1"]
gast = ["fe939df4583692f0512161ec1c880e0a10e71e6a232da045ab8edd3756fbadf0"]
google-pasta = ["40b4f55ba7b44823eac96d055000572c84ce48cacb3e91c100869844064b2d07", "79d1ce28b381d68e98ef7707d19909adb58912f8dae8734402454424fc76b8fe", "7ca8afc4cfeebf4a079cdf586333d5447cecd19a997475136138fc83c3351bc4"]
grpcio = ["03b78b4e7dcdfe3e257bb528cc93923f9cbbab6d5babf15a60d21e9a4a70b1a2", "1ce0ccfbdfe84387dbcbf44adb4ae16ec7ae70e166ffab478993eb1ea1cba3ce", "22e167a9406d73dd19ffe8ed6a485f17e6eac82505be8c108897f15e68badcbb", "31d0aeca8d8ee2301c62c5c340e0889d653b1280d68f9fa203982cb6337b050e", "44c7f99ca17ebbcc96fc54ed00b454d8313f1eac28c563098d8b901025aff941", "5471444f53f9db6a1f1f11f5dbc173228881df8446380b6b98f90afb8fd8348e", "561bca3b1bde6d6564306eb05848fd155136e9c3a25d2961129b1e2edba22fce", "5bf58e1d2c2f55365c06e8cb5abe067b88ca2e5550fb62009c41df4b54505acf", "6b7163d1e85d76b0815df63fcc310daec02b44532bb433f743142d4febcb181f", "766d79cddad95f5f6020037fe60ea8b98578afdf0c59d5a60c106c1bdd886303", "770b7372d5ca68308ff66d7baee53369fa5ce985f84bcb6aa1948c1f2f7b02f2", "7ab178da777fc0f55b6aef5a755f99726e8e4b75e3903954df07b27059b54fcf", "8078305e77c2f6649d36b24d8778096413e474d9d7892c6f92cfb589c9d71b2e", "85600b63a386d860eeaa955e9335e18dd0d7e5477e9214825abf2c2884488369", "857d9b939ae128be1c0c792eb885c7ff6a386b9dea899ac4b06f4d90a31f9d87", "87a41630c90c179fa5c593400f30a467c498972c702f348d41e19dafeb1d319e", "8805d486c6128cc0fcc8ecf16c4095d99a8693a541ef851429ab334e028a4a97", "8d71b7a89c306a41ccc7741fc9409b14f5b86727455c2a1c0c7cfcb0f784e1f2", "9e1b80bd65f8f160880cb4dad7f55697f6d37b2d7f251fc0c2128e811928f369", "9e290c84a145ae2411ee0ec9913c41cd7500e2e7485fe93632434d84ef4fda67", "9ec9f88b5bc94bd99372f27cdd53af1c92ba06717380b127733b953cfb181174", "a0a02a8b4ba6deadf706d5f849539b3685b72b186a3c9ef5d43e8972ed60fb6f", "a4059c59519f5940e01a071f74ae2a60ea8f6185b03d22a09d40c7959a36b16b", "a6e028c2a6da2ebfa2365a5b32531d311fbfec0e3600fc27e901b64f0ff7e54e", "adcdebf9f8463df4120c427cf6c9aed39258bccd03ed37b6939e7a145d64d6e0", "bdec982610259d07156a58f80b8c3e69be7751a9208bc577b059c5193d087fad", "cefc4d4251ffb73feb303d4b7e9d6c367cb60f2db16d259ea28b114045f965aa", "d4145c8aa6afbac10ad27e408f7ce15992fe89ba5d0b4abca31c0c2729864c03", "da76dc5ad719ee99de5ea28a5629ff92172cbb4a70d8a6ae3a5b7a53c7382ce1", "dde2452c08ef8b6426ccab6b5b6de9f06d836d9937d6870e68153cbf8cb49348", "e3d88091d2539a4868750914a6fe7b9ec50e42b913851fc1b77423b5bd918530", "f9c67cfe6278499d7f83559dc6322a8bbb108e307817a3d7acbfea807b3603cc"]
h5py = ["05750b91640273c69989c657eaac34b091abdd75efc8c4824c82aaf898a2da0a", "082a27208aa3a2286e7272e998e7e225b2a7d4b7821bd840aebf96d50977abbb", "08e2e8297195f9e813e894b6c63f79372582787795bba2014a2db6a2de95f713", "0dd2adeb2e9de5081eb8dcec88874e7fd35dae9a21557be3a55a3c7d491842a4", "0f94de7a10562b991967a66bbe6dda9808e18088676834c0a4dcec3fdd3bcc6f", "106e42e2e01e486a3d32eeb9ba0e3a7f65c12fa8998d63625fa41fb8bdc44cdb", "1606c66015f04719c41a9863c156fc0e6b992150de21c067444bcb82e7d75579", "1854c4beff9961e477e133143c5e5e355dac0b3ebf19c52cf7cc1b1ef757703c", "1e9fb6f1746500ea91a00193ce2361803c70c6b13f10aae9a33ad7b5bd28e800", "2cca17e80ddb151894333377675db90cd0279fa454776e0a4f74308376afd050", "30e365e8408759db3778c361f1e4e0fe8e98a875185ae46c795a85e9bafb9cdf", "3206bac900e16eda81687d787086f4ffd4f3854980d798e191a9868a6510c3ae", "3c23d72058647cee19b30452acc7895621e2de0a0bd5b8a1e34204b9ea9ed43c", "407b5f911a83daa285bbf1ef78a9909ee5957f257d3524b8606be37e8643c5f0", "4162953714a9212d373ac953c10e3329f1e830d3c7473f2a2e4f25dd6241eef0", "5fc7aba72a51b2c80605eba1c50dbf84224dcd206279d30a75c154e5652e1fe4", "713ac19307e11de4d9833af0c4bd6778bde0a3d967cafd2f0f347223711c1e31", "71b946d80ef3c3f12db157d7778b1fe74a517ca85e94809358b15580983c2ce2", "8cc4aed71e20d87e0a6f02094d718a95252f11f8ed143bc112d22167f08d4040", "9d41ca62daf36d6b6515ab8765e4c8c4388ee18e2a665701fef2b41563821002", "a744e13b000f234cd5a5b2a1f95816b819027c57f385da54ad2b7da1adace2f3", "b087ee01396c4b34e9dc41e3a6a0442158206d383c19c7d0396d52067b17c1cb", "b0f03af381d33306ce67d18275b61acb4ca111ced645381387a02c8a5ee1b796", "b9e4b8dfd587365bdd719ae178fa1b6c1231f81280b1375eef8626dfd8761bf3", "c5dd4ec75985b99166c045909e10f0534704d102848b1d9f0992720e908928e7", "d2b82f23cd862a9d05108fe99967e9edfa95c136f532a71cb3d28dc252771f50", "e58a25764472af07b7e1c4b10b0179c8ea726446c7141076286e41891bf3a563", "f3b49107fbfc77333fc2b1ef4d5de2abcd57e7ea3a1482455229494cf2da56ce"]
importlib-metadata = ["6dfd58dfe281e8d240937776065dd3624ad5469c835248219bd16cf2e12dbeb7", "cb6ee23b46173539939964df59d3d72c3e0c1b5d54b84f1d8a7e912fe43612db"]
isort = ["54da7e92468955c4fceacd0c86bd0ec997b0e1ee80d97f67c35a78b719dccab1", "6e811fcb295968434526407adb8796944f1988c5b65e8139058f2014cbe100fd"]
jmespath = ["3720a4b1bd659dd2eecad0666459b9788813e032b83e7ba58578e48254e0a0e6", "bde2aef6f44302dfb30320115b17d030798de8c4110e28d5cf6cf91a7a31074c"]
keras-applications = ["5579f9a12bcde9748f4a12233925a59b93b73ae6947409ff34aa2ba258189fe5", "df4323692b8c1174af821bf906f1e442e63fa7589bf0f1230a0b6bdc5a810c95"]
keras-preprocessing = ["44aee5f2c4d80c3b29f208359fcb336df80f293a0bb6b1c738da43ca206656fb", "5a8debe01d840de93d49e05ccf1c9b81ae30e210d34dacbcc47aeb3049b528e5"]
lazy-object-proxy = ["159a745e61422217881c4de71f9eafd9d703b93af95618635849fe469a283661", "23f63c0821cc96a23332e45dfaa83266feff8adc72b9bcaef86c202af765244f", "3b11be575475db2e8a6e11215f5aa95b9ec14de658628776e10d96fa0b4dac13", "3f447aff8bc61ca8b42b73304f6a44fa0d915487de144652816f950a3f1ab821", "4ba73f6089cd9b9478bc0a4fa807b47dbdb8fad1d8f31a0f0a5dbf26a4527a71", "4f53eadd9932055eac465bd3ca1bd610e4d7141e1278012bd1f28646aebc1d0e", "64483bd7154580158ea90de5b8e5e6fc29a16a9b4db24f10193f0c1ae3f9d1ea", "6f72d42b0d04bfee2397aa1862262654b56922c20a9bb66bb76b6f0e5e4f9229", "7c7f1ec07b227bdc561299fa2328e85000f90179a2f44ea30579d38e037cb3d4", "7c8b1ba1e15c10b13cad4171cfa77f5bb5ec2580abc5a353907780805ebe158e", "8559b94b823f85342e10d3d9ca4ba5478168e1ac5658a8a2f18c991ba9c52c20", "a262c7dfb046f00e12a2bdd1bafaed2408114a89ac414b0af8755c696eb3fc16", "acce4e3267610c4fdb6632b3886fe3f2f7dd641158a843cf6b6a68e4ce81477b", "be089bb6b83fac7f29d357b2dc4cf2b8eb8d98fe9d9ff89f9ea6012970a853c7", "bfab710d859c779f273cc48fb86af38d6e9210f38287df0069a63e40b45a2f5c", "c10d29019927301d524a22ced72706380de7cfc50f767217485a912b4c8bd82a", "dd6e2b598849b3d7aee2295ac765a578879830fb8966f70be8cd472e6069932e", "e408f1eacc0a68fed0c08da45f31d0ebb38079f043328dce69ff133b95c29dc1"]
markdown = ["2e50876bcdd74517e7b71f3e7a76102050edec255b3983403f1a63e7c8a41e7a", "56a46ac655704b91e5b7e6326ce43d5ef72411376588afa1dd90e881b83c7e8c"]
mccabe = ["ab8a6258860da4b6677da4bd2fe5dc2c659cff31b3ee4f7f5d64e79735b80d42", "dd8d182285a0fe56bace7f45b5e7d1a6ebcbf524e8f3bd87eb0f125271b8831f"]
mock = ["83657d894c90d5681d62155c82bda9c1187827525880eda8ff5df4ec813437c3", "d157e52d4e5b938c550f39eb2fd15610db062441a9c2747d3dbfa9298211d0f8"]
more-itertools = ["3ad685ff8512bf6dc5a8b82ebf73543999b657eded8c11803d9ba6b648986f4d", "8bb43d1f51ecef60d81854af61a3a880555a14643691cc4b64a6ee269c78f09a"]
numpy = ["0778076e764e146d3078b17c24c4d89e0ecd4ac5401beff8e1c87879043a0633", "141c7102f20abe6cf0d54c4ced8d565b86df4d3077ba2343b61a6db996cefec7", "14270a1ee8917d11e7753fb54fc7ffd1934f4d529235beec0b275e2ccf00333b", "27e11c7a8ec9d5838bc59f809bfa86efc8a4fd02e58960fa9c49d998e14332d5", "2a04dda79606f3d2f760384c38ccd3d5b9bb79d4c8126b67aff5eb09a253763e", "3c26010c1b51e1224a3ca6b8df807de6e95128b0908c7e34f190e7775455b0ca", "52c40f1a4262c896420c6ea1c6fda62cf67070e3947e3307f5562bd783a90336", "6e4f8d9e8aa79321657079b9ac03f3cf3fd067bf31c1cca4f56d49543f4356a5", "7242be12a58fec245ee9734e625964b97cf7e3f2f7d016603f9e56660ce479c7", "7dc253b542bfd4b4eb88d9dbae4ca079e7bf2e2afd819ee18891a43db66c60c7", "94f5bd885f67bbb25c82d80184abbf7ce4f6c3c3a41fbaa4182f034bba803e69", "a89e188daa119ffa0d03ce5123dee3f8ffd5115c896c2a9d4f0dbb3d8b95bfa3", "ad3399da9b0ca36e2f24de72f67ab2854a62e623274607e37e0ce5f5d5fa9166", "b0348be89275fd1d4c44ffa39530c41a21062f52299b1e3ee7d1c61f060044b8", "b5554368e4ede1856121b0dfa35ce71768102e4aa55e526cb8de7f374ff78722", "cbddc56b2502d3f87fda4f98d948eb5b11f36ff3902e17cb6cc44727f2200525", "d79f18f41751725c56eceab2a886f021d70fd70a6188fd386e29a045945ffc10", "dc2ca26a19ab32dc475dbad9dfe723d3a64c835f4c23f625c2b6566ca32b9f29", "dd9bcd4f294eb0633bb33d1a74febdd2b9018b8b8ed325f861fffcd2c7660bb8", "e8baab1bc7c9152715844f1faca6744f2416929de10d7639ed49555a85549f52", "ec31fe12668af687b99acf1567399632a7c47b0e17cfb9ae47c098644ef36797", "f12b4f7e2d8f9da3141564e6737d79016fe5336cc92de6814eba579744f65b0a", "f58ac38d5ca045a377b3b377c84df8175ab992c970a53332fa8ac2373df44ff7"]
opencv-python = ["1703a296a96d3d46615e5053f224867977accb4240bcaa0fcabcb0768bf5ac13", "1777ce7535ee7a1995cae168a107a1320e9df13648b930e72a1a2c2eccd64cda", "1e5520482fb18fbd64d079e7f17ac0018f195fd75f6360a53bb82d7903106b50", "25522dcf2529614750a71112a6659759080b4bdc2323f19d47f4d895960fd796", "2af5f2842ad44c65ae2647377e0ff198719e1a1cfc9c6a19bc0c525c035d4bd8", "31ec48d7eca13fc25c287dea7cecab453976e372cad8f50d55c054a247efda21", "47cf48ff5dbd554e9f58cc9e98cf0b5de3f6a971172612bffa06bc5fb79ce872", "494f98366bb5d6c2ac7e50e6617139f353704fd97a6d12ec9d392e72817d5cb0", "4a9845870739e640e3350a8d98d511c92c087fe3d66090e83be7bf94e0ac64f7", "4ac29cc0847d948a6636899014e84e165c30cc8779d6218394d44363462a01ce", "5857ace03b7854221abf8072462d306c2c2ce4e366190b21d90ee8ee8aaf5bb4", "5b4a23d99d5a2874767034466f5a8fd37b9f93ac14955a01b1a208983c76b9ad", "734d87a5021c037064beb62133e135e66c7128e401a63b8b842b809ae2093749", "78005c1c5d15ef4e32e0f485557bd15b5b6d87f49c19db7fe3e9246a61ebe7e4", "81ae2283225c5c52fc3d72debd4241c30ccff2bb922578bf7867f9851cce3acb", "88dbf900f297fdae0f62b899d6a784d8868ec2135854c5f8a9abbad00a6f0c5b", "8c98ea7b8d327a31cd6028782a06147d0e0329ae8e829e881fb5d02f7ed8aec9", "937d4686fef6967921145290f5b50c01c00c5b5d3542a6519e8a85cd88448723", "a057958c0e362b3c4f03b9af1cbdb6d5af035fd22ecd7fd794eba8fdeb049eb8", "c41eab31fa2c641226c6187caa391a688d064c99f078d604574f1912296b771f", "cf4f7e62d1f80d1fa85a1693a3500def5cde54b2b75212b3609e552e4c25acfb", "d90d60143e18334330c149f293071c9f2f3c79c896f33dc4ec65099e58baaaa7", "db3106b7ca86999a7bd1f2fcc93e49314e5e6e451356774e421a69428df5020b", "dbaf264db56f4771dfac6624f438bc4dc670aa94f61a6138848fcab7e9e77380", "e65206c4cf651dc9cf0829962fae8bec986767c9f123d6a1ad17f9356bf7257e", "eac94ddc78c58e891cff7180274317dad2938a4ddfc6ced1c04846c7f50e77e9", "f2e828711f044a965509c862b3a59b3181e9c56c145a950cb53d43fec54e66d2"]
pluggy = ["0825a152ac059776623854c1543d65a4ad408eb3d33ee114dff91e57ec6ae6fc", "b9817417e95936bf75d85d3f8767f7df6cdde751fc40aed3bb3074cbcb77757c"]
protobuf = ["03f43eac9d5b651f976e91cf46a25b75e5779d98f0f4114b0abfed83376d75f8", "0c94b21e6de01362f91a86b372555d22a60b59708599ca9d5032ae9fdf8e3538", "2d2a9f30f61f4063fadd7fb68a2510a6939b43c0d6ceeec5c4704f22225da28e", "34a0b05fca061e4abb77dd180209f68d8637115ff319f51e28a6a9382d69853a", "358710fd0db25372edcf1150fa691f48376a134a6c69ce29f38f185eea7699e6", "3761ab21883f1d3add8643413b326a0026776879b13ecf904e1e05fe18532c03", "41e47198b94c27ba05a08b4a95160656105745c462af574e4bcb0807164065c0", "8c61cc8a76e9d381c665aecc5105fa0f1878cf7db8b5cd17202603bcb386d0fc", "a6eebc4db759e58fdac02efcd3028b811effac881d8a5bad1996e4e8ee6acb47", "a9c12f7c98093da0a46ba76ec40ace725daa1ac4038c41e4b1466afb5c45bb01", "cb95068492ba0859b8c9e61fa8ba206a83c64e5d0916fb4543700b2e2b214115", "cd98476ce7bb4dcd6a7b101f5eecdc073dafea19f311e36eb8fba1a349346277", "ce64cfbea18c535176bdaa10ba740c0fc4c6d998a3f511c17bedb0ae4b3b167c", "dcbb59eac73fd454e8f2c5fba9e3d3320fd4707ed6a9d3ea3717924a6f0903ea", "dd67f34458ae716029e2a71ede998e9092493b62a519236ca52e3c5202096c87", "e3c96056eb5b7284a20e256cb0bf783c8f36ad82a4ae5434a7b7cd02384144a7", "f612d584d7a27e2f39e7b17878430a959c1bc09a74ba09db096b468558e5e126", "f6de8a7d6122297b81566e5bd4df37fd5d62bec14f8f90ebff8ede1c9726cd0a", "fa529d9261682b24c2aaa683667253175c9acebe0a31105394b221090da75832"]
py = ["64f65755aee5b381cea27766a3a147c3f15b9b6b9ac88676de66ba2ae36793fa", "dc639b046a6e2cff5bbe40194ad65936d6ba360b52b3c3fe1d08a82dd50b5e53"]
pycodestyle = ["95a2219d12372f05704562a14ec30bc76b05a5b297b21a5dfe3f6fac3491ae56", "e40a936c9a450ad81df37f549d676d127b1b66000a6c500caa2b085bc0ca976c"]
pylint = ["5d77031694a5fb97ea95e828c8d10fc770a1df6eb3906067aaed42201a8a6a09", "723e3db49555abaf9bf79dc474c6b9e2935ad82230b10c1138a71ea41ac0fff1"]
pytest = ["3f193df1cfe1d1609d4c583838bea3d532b18d6160fd3f55c9447fdca30848ec", "e246cf173c01169b9617fc07264b7b1316e78d7a650055235d6d897bc80d9660"]
python-dateutil = ["7e6584c74aeed623791615e26efd690f29817a27c73085b78e4bad02493df2fb", "c89805f6f4d64db21ed966fda138f8a5ed7a4fdbc1a8ee329ce1b74e3c74da9e"]
s3transfer = ["6efc926738a3cd576c2a79725fed9afde92378aa5c6a957e3af010cb019fac9d", "b780f2411b824cb541dbcd2c713d0cb61c7d1bcadae204cdddda2b35cef493ba"]
six = ["3350809f0555b11f552448330d0b52d5f24c91a322ea4a15ef22629740f3761c", "d16a0141ec1a18405cd4ce8b4613101da75da0e9a7aec5bdd4fa804d0e0eba73"]
tensorboard = ["50e0b1bdcd488dbe39fd9416976e089b2ff4df18d9f1fab47abf4c498209c3fc", "c35ba681a52d4922be6b225623cf77285033e7e4e68bac5c1d5490e47d129bb2"]
tensorflow = ["0a3784c6ab223b85a87ba6b752d2e6dc97b9345c078172d9b0bb90f3e448a320", "0a95ab659de39748c418f342fd09bc444a21a7d66f4501593cf7ff6de3c603b1", "2fc989a5d3be9f3dc96c20deaa3d5cc66d2bf76fe069c202c2914a7f4b5a9a35", "4008a56940d23345e52ac4885fb4782604eb02574c2d95f3946f5b6baf0e1276", "4643fcb6aa7bf9261620efe332f821ccdb63422ed5df33479e3c9592659cd64e", "46fc216db780b1a7b7a28cf6536d6ec0a171ef2fa546a24934ffe077c734c891", "5a9555eee142324a1cc3d6a5a9c0c8154ded8d013bf18cb459bc375e5d365191", "5ce034dba1db7cd829af2bf092c48dce96bb3da3e89223d7cb50f3eac2ddc19f", "7dfefd6fc79fed477c2c550cb79f766fb40533e907e4efbfabc81339b45551a4", "a3851118d2cc5e9e697503753c2d247dca0e98d5a85b5ea091103f27d9e57a38", "a4f154fa98cde5974117e05af444e0bed84cf431b8129c78a2de03a1ff7201c9", "c77888375ef02a5e7e55f81572db1bfa41e6f6597ae297e7bdafb22bf633f79e", "d982a6fef251ec1358129213385ec027f87ee72246dffe1136ca6109def209f7", "e20b5d81b07798db5054802405758fb685367772f1d602d359ba60baa34b6b46", "e84f2c8c7f23ad546076b1e73cec85706da19910b9a89c29cba3b64e297b2eb0"]
tensorflow-estimator = ["ca073f66063407a091d610ec1b22e39ea30248710198cc6f13769320bdbe3992"]
termcolor = ["1d6d69ce66211143803fbc56652b41d73b4a400a2891d7bf7a1cdf4c02de613b"]
typed-ast = ["18511a0b3e7922276346bcb47e2ef9f38fb90fd31cb9223eed42c85d1312344e", "262c247a82d005e43b5b7f69aff746370538e176131c32dda9cb0f324d27141e", "2b907eb046d049bcd9892e3076c7a6456c93a25bebfe554e931620c90e6a25b0", "354c16e5babd09f5cb0ee000d54cfa38401d8b8891eefa878ac772f827181a3c", "4e0b70c6fc4d010f8107726af5fd37921b666f5b31d9331f0bd24ad9a088e631", "630968c5cdee51a11c05a30453f8cd65e0cc1d2ad0d9192819df9978984529f4", "66480f95b8167c9c5c5c87f32cf437d585937970f3fc24386f313a4c97b44e34", "71211d26ffd12d63a83e079ff258ac9d56a1376a25bc80b1cdcdf601b855b90b", "95bd11af7eafc16e829af2d3df510cecfd4387f6453355188342c3e79a2ec87a", "bc6c7d3fa1325a0c6613512a093bc2a2a15aeec350451cbdf9e1d4bffe3e3233", "cc34a6f5b426748a507dd5d1de4c1978f2eb5626d51326e43280941206c209e1", "d755f03c1e4a51e9b24d899561fec4ccaf51f210d52abdf8c07ee2849b212a36", "d7c45933b1bdfaf9f36c579671fec15d25b06c8398f113dab64c18ed1adda01d", "d896919306dd0aa22d0132f62a1b78d11aaf4c9fc5b3410d3c666b818191630a", "ffde2fbfad571af120fcbfbbc61c72469e72f550d676c3342492a9dfdefb8f12"]
urllib3 = ["b246607a25ac80bedac05c6f282e3cdaf3afb65420fd024ac94435cabe6e18d1", "dbe59173209418ae49d485b87d1681aefa36252ee85884c31346debd19463232"]
werkzeug = ["865856ebb55c4dcd0630cdd8f3331a1847a819dda7e8c750d3db6f2aa6c0209c", "a0b915f0815982fb2a09161cb8f31708052d0951c3ba433ccc5e1aa276507ca6"]
wheel = ["5e79117472686ac0c4aef5bad5172ea73a1c2d1646b808c35926bd26bdfb0c08", "62fcfa03d45b5b722539ccbc07b190e4bfff4bb9e3a4d470dd9f6a0981002565"]
wrapt = ["565a021fd19419476b9362b05eeaa094178de64f8361e44468f9e9d7843901e1"]
zipp = ["8c1019c6aad13642199fbe458275ad6a84907634cc9f0989877ccc4a2840139d", "ca943a7e809cc12257001ccfb99e3563da9af99d52f261725e96dfe0f9275bc3"]
